// !$*UTF8*$!
{
	archiveVersion = 1;
	classes = {
	};
	objectVersion = 50;
	objects = {

/* Begin PBXBuildFile section */
		A038427F238BDE1D00E9C92E /* Assets.xcassets in Resources */ = {isa = PBXBuildFile; fileRef = A038426A238BDE1C00E9C92E /* Assets.xcassets */; };
		A0384280238BDE1D00E9C92E /* AppDelegate.swift in Sources */ = {isa = PBXBuildFile; fileRef = A038426E238BDE1C00E9C92E /* AppDelegate.swift */; };
		A0384281238BDE1D00E9C92E /* SceneDelegate.swift in Sources */ = {isa = PBXBuildFile; fileRef = A038426F238BDE1C00E9C92E /* SceneDelegate.swift */; };
		A0384285238BDEF400E9C92E /* Main.storyboard in Resources */ = {isa = PBXBuildFile; fileRef = A0384279238BDE1D00E9C92E /* Main.storyboard */; };
		A0384286238BDEF800E9C92E /* LaunchScreen.storyboard in Resources */ = {isa = PBXBuildFile; fileRef = A0384277238BDE1D00E9C92E /* LaunchScreen.storyboard */; };
		A0384288238BE4D300E9C92E /* ClusterList.swift in Sources */ = {isa = PBXBuildFile; fileRef = A0384287238BE4D300E9C92E /* ClusterList.swift */; };
		A038428A238BE50100E9C92E /* Cluster.swift in Sources */ = {isa = PBXBuildFile; fileRef = A0384289238BE50000E9C92E /* Cluster.swift */; };
		A038428C238BE51E00E9C92E /* Product.swift in Sources */ = {isa = PBXBuildFile; fileRef = A038428B238BE51E00E9C92E /* Product.swift */; };
		A038428E238BE68000E9C92E /* ProductDetail.swift in Sources */ = {isa = PBXBuildFile; fileRef = A038428D238BE68000E9C92E /* ProductDetail.swift */; };
		A0384291238BE76300E9C92E /* ClusterListTests.swift in Sources */ = {isa = PBXBuildFile; fileRef = A0384290238BE76300E9C92E /* ClusterListTests.swift */; };
		A0384293238BE97E00E9C92E /* ClusterTests.swift in Sources */ = {isa = PBXBuildFile; fileRef = A0384292238BE97E00E9C92E /* ClusterTests.swift */; };
		A0384295238BEDB300E9C92E /* ProductTests.swift in Sources */ = {isa = PBXBuildFile; fileRef = A0384294238BEDB300E9C92E /* ProductTests.swift */; };
		A0384297238BF45300E9C92E /* ProductDetailTests.swift in Sources */ = {isa = PBXBuildFile; fileRef = A0384296238BF45300E9C92E /* ProductDetailTests.swift */; };
		A0384299238BFBD200E9C92E /* Router.swift in Sources */ = {isa = PBXBuildFile; fileRef = A0384298238BFBD200E9C92E /* Router.swift */; };
		A038429B238BFBF300E9C92E /* Service.swift in Sources */ = {isa = PBXBuildFile; fileRef = A038429A238BFBF300E9C92E /* Service.swift */; };
		A038429D238BFC1300E9C92E /* NetworkClient.swift in Sources */ = {isa = PBXBuildFile; fileRef = A038429C238BFC1300E9C92E /* NetworkClient.swift */; };
		A038429F238BFC3600E9C92E /* NetworkError.swift in Sources */ = {isa = PBXBuildFile; fileRef = A038429E238BFC3600E9C92E /* NetworkError.swift */; };
		A03842A1238BFC8200E9C92E /* ProductRouter.swift in Sources */ = {isa = PBXBuildFile; fileRef = A03842A0238BFC8200E9C92E /* ProductRouter.swift */; };
		A03842A3238BFCA400E9C92E /* Constants.swift in Sources */ = {isa = PBXBuildFile; fileRef = A03842A2238BFCA400E9C92E /* Constants.swift */; };
		A03842A5238BFD3C00E9C92E /* ProductClient.swift in Sources */ = {isa = PBXBuildFile; fileRef = A03842A4238BFD3C00E9C92E /* ProductClient.swift */; };
		A03842A7238BFDE600E9C92E /* ProductService.swift in Sources */ = {isa = PBXBuildFile; fileRef = A03842A6238BFDE600E9C92E /* ProductService.swift */; };
		A03842AD238BFF1200E9C92E /* ProductRouterTests.swift in Sources */ = {isa = PBXBuildFile; fileRef = A03842AC238BFF1200E9C92E /* ProductRouterTests.swift */; };
		A03842AF238BFFA600E9C92E /* ProductServiceTests.swift in Sources */ = {isa = PBXBuildFile; fileRef = A03842AE238BFFA600E9C92E /* ProductServiceTests.swift */; };
		A03842B1238C006F00E9C92E /* MockProductClient.swift in Sources */ = {isa = PBXBuildFile; fileRef = A03842B0238C006F00E9C92E /* MockProductClient.swift */; };
		A03842B3238C018D00E9C92E /* products.json in Resources */ = {isa = PBXBuildFile; fileRef = A03842B2238C018D00E9C92E /* products.json */; };
		A03842B6238C027700E9C92E /* productDetail.json in Resources */ = {isa = PBXBuildFile; fileRef = A03842B5238C027700E9C92E /* productDetail.json */; };
		A03842BA238C24B900E9C92E /* ProductListViewController.swift in Sources */ = {isa = PBXBuildFile; fileRef = A03842B9238C24B900E9C92E /* ProductListViewController.swift */; };
		A03842BC238C254100E9C92E /* ProductListViewModel.swift in Sources */ = {isa = PBXBuildFile; fileRef = A03842BB238C254100E9C92E /* ProductListViewModel.swift */; };
		A03842BE238C41EF00E9C92E /* ClusterHeaderView.swift in Sources */ = {isa = PBXBuildFile; fileRef = A03842BD238C41EF00E9C92E /* ClusterHeaderView.swift */; };
		A03842C0238C459F00E9C92E /* ProductCell.swift in Sources */ = {isa = PBXBuildFile; fileRef = A03842BF238C459F00E9C92E /* ProductCell.swift */; };
		A03842C2238C47D900E9C92E /* ImageDownload.swift in Sources */ = {isa = PBXBuildFile; fileRef = A03842C1238C47D900E9C92E /* ImageDownload.swift */; };
		A03842C4238C49DF00E9C92E /* ImageView+Ext.swift in Sources */ = {isa = PBXBuildFile; fileRef = A03842C3238C49DF00E9C92E /* ImageView+Ext.swift */; };
		A07FAE15238DA36100EBDFBC /* ProductDetailViewModel.swift in Sources */ = {isa = PBXBuildFile; fileRef = A07FAE14238DA36100EBDFBC /* ProductDetailViewModel.swift */; };
		A0C773DC238D84D60060423B /* ProductDetailViewController.swift in Sources */ = {isa = PBXBuildFile; fileRef = A0C773DB238D84D60060423B /* ProductDetailViewController.swift */; };
/* End PBXBuildFile section */

/* Begin PBXContainerItemProxy section */
		A0384258238BDAA900E9C92E /* PBXContainerItemProxy */ = {
			isa = PBXContainerItemProxy;
			containerPortal = A0384239238BDAA300E9C92E /* Project object */;
			proxyType = 1;
			remoteGlobalIDString = A0384240238BDAA300E9C92E;
			remoteInfo = OcadoProduct;
		};
/* End PBXContainerItemProxy section */

/* Begin PBXFileReference section */
		A0384241238BDAA300E9C92E /* OcadoProduct.app */ = {isa = PBXFileReference; explicitFileType = wrapper.application; includeInIndex = 0; path = OcadoProduct.app; sourceTree = BUILT_PRODUCTS_DIR; };
		A0384252238BDAA900E9C92E /* Info.plist */ = {isa = PBXFileReference; lastKnownFileType = text.plist.xml; path = Info.plist; sourceTree = "<group>"; };
		A0384257238BDAA900E9C92E /* OcadoProductTests.xctest */ = {isa = PBXFileReference; explicitFileType = wrapper.cfbundle; includeInIndex = 0; path = OcadoProductTests.xctest; sourceTree = BUILT_PRODUCTS_DIR; };
		A038425D238BDAA900E9C92E /* Info.plist */ = {isa = PBXFileReference; lastKnownFileType = text.plist.xml; path = Info.plist; sourceTree = "<group>"; };
		A038426A238BDE1C00E9C92E /* Assets.xcassets */ = {isa = PBXFileReference; lastKnownFileType = folder.assetcatalog; path = Assets.xcassets; sourceTree = "<group>"; };
		A038426E238BDE1C00E9C92E /* AppDelegate.swift */ = {isa = PBXFileReference; fileEncoding = 4; lastKnownFileType = sourcecode.swift; path = AppDelegate.swift; sourceTree = "<group>"; };
		A038426F238BDE1C00E9C92E /* SceneDelegate.swift */ = {isa = PBXFileReference; fileEncoding = 4; lastKnownFileType = sourcecode.swift; path = SceneDelegate.swift; sourceTree = "<group>"; };
		A0384278238BDE1D00E9C92E /* Base */ = {isa = PBXFileReference; lastKnownFileType = file.storyboard; name = Base; path = Base.lproj/LaunchScreen.storyboard; sourceTree = "<group>"; };
		A038427A238BDE1D00E9C92E /* Base */ = {isa = PBXFileReference; lastKnownFileType = file.storyboard; name = Base; path = Base.lproj/Main.storyboard; sourceTree = "<group>"; };
		A0384287238BE4D300E9C92E /* ClusterList.swift */ = {isa = PBXFileReference; lastKnownFileType = sourcecode.swift; path = ClusterList.swift; sourceTree = "<group>"; };
		A0384289238BE50000E9C92E /* Cluster.swift */ = {isa = PBXFileReference; lastKnownFileType = sourcecode.swift; path = Cluster.swift; sourceTree = "<group>"; };
		A038428B238BE51E00E9C92E /* Product.swift */ = {isa = PBXFileReference; lastKnownFileType = sourcecode.swift; path = Product.swift; sourceTree = "<group>"; };
		A038428D238BE68000E9C92E /* ProductDetail.swift */ = {isa = PBXFileReference; lastKnownFileType = sourcecode.swift; path = ProductDetail.swift; sourceTree = "<group>"; };
		A0384290238BE76300E9C92E /* ClusterListTests.swift */ = {isa = PBXFileReference; lastKnownFileType = sourcecode.swift; path = ClusterListTests.swift; sourceTree = "<group>"; };
		A0384292238BE97E00E9C92E /* ClusterTests.swift */ = {isa = PBXFileReference; lastKnownFileType = sourcecode.swift; path = ClusterTests.swift; sourceTree = "<group>"; };
		A0384294238BEDB300E9C92E /* ProductTests.swift */ = {isa = PBXFileReference; lastKnownFileType = sourcecode.swift; path = ProductTests.swift; sourceTree = "<group>"; };
		A0384296238BF45300E9C92E /* ProductDetailTests.swift */ = {isa = PBXFileReference; lastKnownFileType = sourcecode.swift; path = ProductDetailTests.swift; sourceTree = "<group>"; };
		A0384298238BFBD200E9C92E /* Router.swift */ = {isa = PBXFileReference; lastKnownFileType = sourcecode.swift; path = Router.swift; sourceTree = "<group>"; };
		A038429A238BFBF300E9C92E /* Service.swift */ = {isa = PBXFileReference; lastKnownFileType = sourcecode.swift; path = Service.swift; sourceTree = "<group>"; };
		A038429C238BFC1300E9C92E /* NetworkClient.swift */ = {isa = PBXFileReference; lastKnownFileType = sourcecode.swift; path = NetworkClient.swift; sourceTree = "<group>"; };
		A038429E238BFC3600E9C92E /* NetworkError.swift */ = {isa = PBXFileReference; lastKnownFileType = sourcecode.swift; path = NetworkError.swift; sourceTree = "<group>"; };
		A03842A0238BFC8200E9C92E /* ProductRouter.swift */ = {isa = PBXFileReference; lastKnownFileType = sourcecode.swift; path = ProductRouter.swift; sourceTree = "<group>"; };
		A03842A2238BFCA400E9C92E /* Constants.swift */ = {isa = PBXFileReference; lastKnownFileType = sourcecode.swift; path = Constants.swift; sourceTree = "<group>"; };
		A03842A4238BFD3C00E9C92E /* ProductClient.swift */ = {isa = PBXFileReference; lastKnownFileType = sourcecode.swift; path = ProductClient.swift; sourceTree = "<group>"; };
		A03842A6238BFDE600E9C92E /* ProductService.swift */ = {isa = PBXFileReference; lastKnownFileType = sourcecode.swift; path = ProductService.swift; sourceTree = "<group>"; };
		A03842AC238BFF1200E9C92E /* ProductRouterTests.swift */ = {isa = PBXFileReference; lastKnownFileType = sourcecode.swift; path = ProductRouterTests.swift; sourceTree = "<group>"; };
		A03842AE238BFFA600E9C92E /* ProductServiceTests.swift */ = {isa = PBXFileReference; lastKnownFileType = sourcecode.swift; path = ProductServiceTests.swift; sourceTree = "<group>"; };
		A03842B0238C006F00E9C92E /* MockProductClient.swift */ = {isa = PBXFileReference; lastKnownFileType = sourcecode.swift; path = MockProductClient.swift; sourceTree = "<group>"; };
		A03842B2238C018D00E9C92E /* products.json */ = {isa = PBXFileReference; lastKnownFileType = text.json; path = products.json; sourceTree = "<group>"; };
		A03842B5238C027700E9C92E /* productDetail.json */ = {isa = PBXFileReference; lastKnownFileType = text.json; path = productDetail.json; sourceTree = "<group>"; };
		A03842B9238C24B900E9C92E /* ProductListViewController.swift */ = {isa = PBXFileReference; fileEncoding = 4; lastKnownFileType = sourcecode.swift; path = ProductListViewController.swift; sourceTree = "<group>"; };
		A03842BB238C254100E9C92E /* ProductListViewModel.swift */ = {isa = PBXFileReference; lastKnownFileType = sourcecode.swift; path = ProductListViewModel.swift; sourceTree = "<group>"; };
		A03842BD238C41EF00E9C92E /* ClusterHeaderView.swift */ = {isa = PBXFileReference; lastKnownFileType = sourcecode.swift; path = ClusterHeaderView.swift; sourceTree = "<group>"; };
		A03842BF238C459F00E9C92E /* ProductCell.swift */ = {isa = PBXFileReference; lastKnownFileType = sourcecode.swift; path = ProductCell.swift; sourceTree = "<group>"; };
		A03842C1238C47D900E9C92E /* ImageDownload.swift */ = {isa = PBXFileReference; lastKnownFileType = sourcecode.swift; path = ImageDownload.swift; sourceTree = "<group>"; };
		A03842C3238C49DF00E9C92E /* ImageView+Ext.swift */ = {isa = PBXFileReference; lastKnownFileType = sourcecode.swift; path = "ImageView+Ext.swift"; sourceTree = "<group>"; };
		A07FAE14238DA36100EBDFBC /* ProductDetailViewModel.swift */ = {isa = PBXFileReference; lastKnownFileType = sourcecode.swift; path = ProductDetailViewModel.swift; sourceTree = "<group>"; };
		A0C773DB238D84D60060423B /* ProductDetailViewController.swift */ = {isa = PBXFileReference; lastKnownFileType = sourcecode.swift; path = ProductDetailViewController.swift; sourceTree = "<group>"; };
/* End PBXFileReference section */

/* Begin PBXFrameworksBuildPhase section */
		A038423E238BDAA300E9C92E /* Frameworks */ = {
			isa = PBXFrameworksBuildPhase;
			buildActionMask = 2147483647;
			files = (
			);
			runOnlyForDeploymentPostprocessing = 0;
		};
		A0384254238BDAA900E9C92E /* Frameworks */ = {
			isa = PBXFrameworksBuildPhase;
			buildActionMask = 2147483647;
			files = (
			);
			runOnlyForDeploymentPostprocessing = 0;
		};
/* End PBXFrameworksBuildPhase section */

/* Begin PBXGroup section */
		A0384238238BDAA300E9C92E = {
			isa = PBXGroup;
			children = (
				A0384243238BDAA300E9C92E /* OcadoProduct */,
				A038425A238BDAA900E9C92E /* OcadoProductTests */,
				A0384242238BDAA300E9C92E /* Products */,
			);
			sourceTree = "<group>";
		};
		A0384242238BDAA300E9C92E /* Products */ = {
			isa = PBXGroup;
			children = (
				A0384241238BDAA300E9C92E /* OcadoProduct.app */,
				A0384257238BDAA900E9C92E /* OcadoProductTests.xctest */,
			);
			name = Products;
			sourceTree = "<group>";
		};
		A0384243238BDAA300E9C92E /* OcadoProduct */ = {
			isa = PBXGroup;
			children = (
				A038426D238BDE1C00E9C92E /* AppDelegate */,
				A0384276238BDE1D00E9C92E /* Storyboards */,
				A0384271238BDE1D00E9C92E /* Extensions */,
				A0384274238BDE1D00E9C92E /* Helpers */,
				A038427B238BDE1D00E9C92E /* Networking */,
				A0384267238BDE1C00E9C92E /* Models */,
				A0384270238BDE1D00E9C92E /* Views */,
				A0384272238BDE1D00E9C92E /* ViewControllers */,
				A0384266238BDE1C00E9C92E /* ViewModels */,
				A0384268238BDE1C00E9C92E /* Resources */,
				A0384252238BDAA900E9C92E /* Info.plist */,
			);
			path = OcadoProduct;
			sourceTree = "<group>";
		};
		A038425A238BDAA900E9C92E /* OcadoProductTests */ = {
			isa = PBXGroup;
			children = (
				A03842A8238BFEBF00E9C92E /* Networking */,
				A038428F238BE73500E9C92E /* Models */,
				A07FAE17238DAAF600EBDFBC /* ViewControllers */,
				A07FAE16238DAAF000EBDFBC /* ViewModels */,
				A038425D238BDAA900E9C92E /* Info.plist */,
			);
			path = OcadoProductTests;
			sourceTree = "<group>";
		};
		A0384266238BDE1C00E9C92E /* ViewModels */ = {
			isa = PBXGroup;
			children = (
				A03842BB238C254100E9C92E /* ProductListViewModel.swift */,
				A07FAE14238DA36100EBDFBC /* ProductDetailViewModel.swift */,
			);
			path = ViewModels;
			sourceTree = "<group>";
		};
		A0384267238BDE1C00E9C92E /* Models */ = {
			isa = PBXGroup;
			children = (
				A0384287238BE4D300E9C92E /* ClusterList.swift */,
				A0384289238BE50000E9C92E /* Cluster.swift */,
				A038428B238BE51E00E9C92E /* Product.swift */,
				A038428D238BE68000E9C92E /* ProductDetail.swift */,
			);
			path = Models;
			sourceTree = "<group>";
		};
		A0384268238BDE1C00E9C92E /* Resources */ = {
			isa = PBXGroup;
			children = (
				A038426A238BDE1C00E9C92E /* Assets.xcassets */,
				A038426B238BDE1C00E9C92E /* i18n */,
				A038426C238BDE1C00E9C92E /* Fonts */,
			);
			path = Resources;
			sourceTree = "<group>";
		};
		A038426B238BDE1C00E9C92E /* i18n */ = {
			isa = PBXGroup;
			children = (
			);
			path = i18n;
			sourceTree = "<group>";
		};
		A038426C238BDE1C00E9C92E /* Fonts */ = {
			isa = PBXGroup;
			children = (
			);
			path = Fonts;
			sourceTree = "<group>";
		};
		A038426D238BDE1C00E9C92E /* AppDelegate */ = {
			isa = PBXGroup;
			children = (
				A038426E238BDE1C00E9C92E /* AppDelegate.swift */,
				A038426F238BDE1C00E9C92E /* SceneDelegate.swift */,
			);
			path = AppDelegate;
			sourceTree = "<group>";
		};
		A0384270238BDE1D00E9C92E /* Views */ = {
			isa = PBXGroup;
			children = (
				A03842BD238C41EF00E9C92E /* ClusterHeaderView.swift */,
				A03842BF238C459F00E9C92E /* ProductCell.swift */,
			);
			path = Views;
			sourceTree = "<group>";
		};
		A0384271238BDE1D00E9C92E /* Extensions */ = {
			isa = PBXGroup;
			children = (
				A03842C3238C49DF00E9C92E /* ImageView+Ext.swift */,
			);
			path = Extensions;
			sourceTree = "<group>";
		};
		A0384272238BDE1D00E9C92E /* ViewControllers */ = {
			isa = PBXGroup;
			children = (
				A03842B9238C24B900E9C92E /* ProductListViewController.swift */,
				A0C773DB238D84D60060423B /* ProductDetailViewController.swift */,
			);
			path = ViewControllers;
			sourceTree = "<group>";
		};
		A0384274238BDE1D00E9C92E /* Helpers */ = {
			isa = PBXGroup;
			children = (
				A03842A2238BFCA400E9C92E /* Constants.swift */,
				A03842C1238C47D900E9C92E /* ImageDownload.swift */,
			);
			path = Helpers;
			sourceTree = "<group>";
		};
		A0384276238BDE1D00E9C92E /* Storyboards */ = {
			isa = PBXGroup;
			children = (
				A0384277238BDE1D00E9C92E /* LaunchScreen.storyboard */,
				A0384279238BDE1D00E9C92E /* Main.storyboard */,
			);
			path = Storyboards;
			sourceTree = "<group>";
		};
		A038427B238BDE1D00E9C92E /* Networking */ = {
			isa = PBXGroup;
			children = (
				A038427C238BDE1D00E9C92E /* Routers */,
				A038427E238BDE1D00E9C92E /* Services */,
				A038427D238BDE1D00E9C92E /* Clients */,
			);
			path = Networking;
			sourceTree = "<group>";
		};
		A038427C238BDE1D00E9C92E /* Routers */ = {
			isa = PBXGroup;
			children = (
				A0384298238BFBD200E9C92E /* Router.swift */,
				A03842A0238BFC8200E9C92E /* ProductRouter.swift */,
			);
			path = Routers;
			sourceTree = "<group>";
		};
		A038427D238BDE1D00E9C92E /* Clients */ = {
			isa = PBXGroup;
			children = (
				A038429E238BFC3600E9C92E /* NetworkError.swift */,
				A038429C238BFC1300E9C92E /* NetworkClient.swift */,
				A03842A4238BFD3C00E9C92E /* ProductClient.swift */,
			);
			path = Clients;
			sourceTree = "<group>";
		};
		A038427E238BDE1D00E9C92E /* Services */ = {
			isa = PBXGroup;
			children = (
				A038429A238BFBF300E9C92E /* Service.swift */,
				A03842A6238BFDE600E9C92E /* ProductService.swift */,
			);
			path = Services;
			sourceTree = "<group>";
		};
		A038428F238BE73500E9C92E /* Models */ = {
			isa = PBXGroup;
			children = (
				A0384290238BE76300E9C92E /* ClusterListTests.swift */,
				A0384292238BE97E00E9C92E /* ClusterTests.swift */,
				A0384294238BEDB300E9C92E /* ProductTests.swift */,
				A0384296238BF45300E9C92E /* ProductDetailTests.swift */,
			);
			path = Models;
			sourceTree = "<group>";
		};
		A03842A8238BFEBF00E9C92E /* Networking */ = {
			isa = PBXGroup;
			children = (
				A03842B4238C025800E9C92E /* JSONs */,
				A03842A9238BFEC700E9C92E /* Routers */,
				A03842AA238BFECF00E9C92E /* Services */,
				A03842AB238BFEE300E9C92E /* Clients */,
			);
			path = Networking;
			sourceTree = "<group>";
		};
		A03842A9238BFEC700E9C92E /* Routers */ = {
			isa = PBXGroup;
			children = (
				A03842AC238BFF1200E9C92E /* ProductRouterTests.swift */,
			);
			path = Routers;
			sourceTree = "<group>";
		};
		A03842AA238BFECF00E9C92E /* Services */ = {
			isa = PBXGroup;
			children = (
				A03842AE238BFFA600E9C92E /* ProductServiceTests.swift */,
			);
			path = Services;
			sourceTree = "<group>";
		};
		A03842AB238BFEE300E9C92E /* Clients */ = {
			isa = PBXGroup;
			children = (
				A03842B0238C006F00E9C92E /* MockProductClient.swift */,
			);
			path = Clients;
			sourceTree = "<group>";
		};
		A03842B4238C025800E9C92E /* JSONs */ = {
			isa = PBXGroup;
			children = (
				A03842B2238C018D00E9C92E /* products.json */,
				A03842B5238C027700E9C92E /* productDetail.json */,
			);
			path = JSONs;
			sourceTree = "<group>";
		};
		A07FAE16238DAAF000EBDFBC /* ViewModels */ = {
			isa = PBXGroup;
			children = (
			);
			path = ViewModels;
			sourceTree = "<group>";
		};
		A07FAE17238DAAF600EBDFBC /* ViewControllers */ = {
			isa = PBXGroup;
			children = (
			);
			path = ViewControllers;
			sourceTree = "<group>";
		};
/* End PBXGroup section */

/* Begin PBXNativeTarget section */
		A0384240238BDAA300E9C92E /* OcadoProduct */ = {
			isa = PBXNativeTarget;
			buildConfigurationList = A0384260238BDAA900E9C92E /* Build configuration list for PBXNativeTarget "OcadoProduct" */;
			buildPhases = (
				A038423D238BDAA300E9C92E /* Sources */,
				A038423E238BDAA300E9C92E /* Frameworks */,
				A038423F238BDAA300E9C92E /* Resources */,
			);
			buildRules = (
			);
			dependencies = (
			);
			name = OcadoProduct;
			productName = OcadoProduct;
			productReference = A0384241238BDAA300E9C92E /* OcadoProduct.app */;
			productType = "com.apple.product-type.application";
		};
		A0384256238BDAA900E9C92E /* OcadoProductTests */ = {
			isa = PBXNativeTarget;
			buildConfigurationList = A0384263238BDAA900E9C92E /* Build configuration list for PBXNativeTarget "OcadoProductTests" */;
			buildPhases = (
				A0384253238BDAA900E9C92E /* Sources */,
				A0384254238BDAA900E9C92E /* Frameworks */,
				A0384255238BDAA900E9C92E /* Resources */,
			);
			buildRules = (
			);
			dependencies = (
				A0384259238BDAA900E9C92E /* PBXTargetDependency */,
			);
			name = OcadoProductTests;
			productName = OcadoProductTests;
			productReference = A0384257238BDAA900E9C92E /* OcadoProductTests.xctest */;
			productType = "com.apple.product-type.bundle.unit-test";
		};
/* End PBXNativeTarget section */

/* Begin PBXProject section */
		A0384239238BDAA300E9C92E /* Project object */ = {
			isa = PBXProject;
			attributes = {
				LastSwiftUpdateCheck = 1120;
				LastUpgradeCheck = 1120;
				ORGANIZATIONNAME = SiriusCode;
				TargetAttributes = {
					A0384240238BDAA300E9C92E = {
						CreatedOnToolsVersion = 11.2.1;
					};
					A0384256238BDAA900E9C92E = {
						CreatedOnToolsVersion = 11.2.1;
						LastSwiftMigration = 1120;
						TestTargetID = A0384240238BDAA300E9C92E;
					};
				};
			};
			buildConfigurationList = A038423C238BDAA300E9C92E /* Build configuration list for PBXProject "OcadoProduct" */;
			compatibilityVersion = "Xcode 9.3";
			developmentRegion = en;
			hasScannedForEncodings = 0;
			knownRegions = (
				en,
				Base,
			);
			mainGroup = A0384238238BDAA300E9C92E;
			productRefGroup = A0384242238BDAA300E9C92E /* Products */;
			projectDirPath = "";
			projectRoot = "";
			targets = (
				A0384240238BDAA300E9C92E /* OcadoProduct */,
				A0384256238BDAA900E9C92E /* OcadoProductTests */,
			);
		};
/* End PBXProject section */

/* Begin PBXResourcesBuildPhase section */
		A038423F238BDAA300E9C92E /* Resources */ = {
			isa = PBXResourcesBuildPhase;
			buildActionMask = 2147483647;
			files = (
				A0384286238BDEF800E9C92E /* LaunchScreen.storyboard in Resources */,
				A038427F238BDE1D00E9C92E /* Assets.xcassets in Resources */,
				A0384285238BDEF400E9C92E /* Main.storyboard in Resources */,
			);
			runOnlyForDeploymentPostprocessing = 0;
		};
		A0384255238BDAA900E9C92E /* Resources */ = {
			isa = PBXResourcesBuildPhase;
			buildActionMask = 2147483647;
			files = (
				A03842B6238C027700E9C92E /* productDetail.json in Resources */,
				A03842B3238C018D00E9C92E /* products.json in Resources */,
			);
			runOnlyForDeploymentPostprocessing = 0;
		};
/* End PBXResourcesBuildPhase section */

/* Begin PBXSourcesBuildPhase section */
		A038423D238BDAA300E9C92E /* Sources */ = {
			isa = PBXSourcesBuildPhase;
			buildActionMask = 2147483647;
			files = (
				A03842A7238BFDE600E9C92E /* ProductService.swift in Sources */,
				A0384299238BFBD200E9C92E /* Router.swift in Sources */,
				A0C773DC238D84D60060423B /* ProductDetailViewController.swift in Sources */,
				A038429D238BFC1300E9C92E /* NetworkClient.swift in Sources */,
				A0384288238BE4D300E9C92E /* ClusterList.swift in Sources */,
				A07FAE15238DA36100EBDFBC /* ProductDetailViewModel.swift in Sources */,
				A03842A1238BFC8200E9C92E /* ProductRouter.swift in Sources */,
				A038428A238BE50100E9C92E /* Cluster.swift in Sources */,
				A03842BE238C41EF00E9C92E /* ClusterHeaderView.swift in Sources */,
				A038428E238BE68000E9C92E /* ProductDetail.swift in Sources */,
				A03842BA238C24B900E9C92E /* ProductListViewController.swift in Sources */,
				A03842A3238BFCA400E9C92E /* Constants.swift in Sources */,
				A038429B238BFBF300E9C92E /* Service.swift in Sources */,
				A0384280238BDE1D00E9C92E /* AppDelegate.swift in Sources */,
				A03842A5238BFD3C00E9C92E /* ProductClient.swift in Sources */,
				A03842C2238C47D900E9C92E /* ImageDownload.swift in Sources */,
				A038428C238BE51E00E9C92E /* Product.swift in Sources */,
				A038429F238BFC3600E9C92E /* NetworkError.swift in Sources */,
				A03842C4238C49DF00E9C92E /* ImageView+Ext.swift in Sources */,
				A03842C0238C459F00E9C92E /* ProductCell.swift in Sources */,
				A03842BC238C254100E9C92E /* ProductListViewModel.swift in Sources */,
				A0384281238BDE1D00E9C92E /* SceneDelegate.swift in Sources */,
			);
			runOnlyForDeploymentPostprocessing = 0;
		};
		A0384253238BDAA900E9C92E /* Sources */ = {
			isa = PBXSourcesBuildPhase;
			buildActionMask = 2147483647;
			files = (
				A0384291238BE76300E9C92E /* ClusterListTests.swift in Sources */,
				A0384293238BE97E00E9C92E /* ClusterTests.swift in Sources */,
				A0384297238BF45300E9C92E /* ProductDetailTests.swift in Sources */,
				A03842B1238C006F00E9C92E /* MockProductClient.swift in Sources */,
				A03842AF238BFFA600E9C92E /* ProductServiceTests.swift in Sources */,
				A03842AD238BFF1200E9C92E /* ProductRouterTests.swift in Sources */,
				A0384295238BEDB300E9C92E /* ProductTests.swift in Sources */,
			);
			runOnlyForDeploymentPostprocessing = 0;
		};
/* End PBXSourcesBuildPhase section */

/* Begin PBXTargetDependency section */
		A0384259238BDAA900E9C92E /* PBXTargetDependency */ = {
			isa = PBXTargetDependency;
			target = A0384240238BDAA300E9C92E /* OcadoProduct */;
			targetProxy = A0384258238BDAA900E9C92E /* PBXContainerItemProxy */;
		};
/* End PBXTargetDependency section */

/* Begin PBXVariantGroup section */
		A0384277238BDE1D00E9C92E /* LaunchScreen.storyboard */ = {
			isa = PBXVariantGroup;
			children = (
				A0384278238BDE1D00E9C92E /* Base */,
			);
			name = LaunchScreen.storyboard;
			sourceTree = "<group>";
		};
		A0384279238BDE1D00E9C92E /* Main.storyboard */ = {
			isa = PBXVariantGroup;
			children = (
				A038427A238BDE1D00E9C92E /* Base */,
			);
			name = Main.storyboard;
			sourceTree = "<group>";
		};
/* End PBXVariantGroup section */

/* Begin XCBuildConfiguration section */
		A038425E238BDAA900E9C92E /* Debug */ = {
			isa = XCBuildConfiguration;
			buildSettings = {
				ALWAYS_SEARCH_USER_PATHS = NO;
				CLANG_ANALYZER_NONNULL = YES;
				CLANG_ANALYZER_NUMBER_OBJECT_CONVERSION = YES_AGGRESSIVE;
				CLANG_CXX_LANGUAGE_STANDARD = "gnu++14";
				CLANG_CXX_LIBRARY = "libc++";
				CLANG_ENABLE_MODULES = YES;
				CLANG_ENABLE_OBJC_ARC = YES;
				CLANG_ENABLE_OBJC_WEAK = YES;
				CLANG_WARN_BLOCK_CAPTURE_AUTORELEASING = YES;
				CLANG_WARN_BOOL_CONVERSION = YES;
				CLANG_WARN_COMMA = YES;
				CLANG_WARN_CONSTANT_CONVERSION = YES;
				CLANG_WARN_DEPRECATED_OBJC_IMPLEMENTATIONS = YES;
				CLANG_WARN_DIRECT_OBJC_ISA_USAGE = YES_ERROR;
				CLANG_WARN_DOCUMENTATION_COMMENTS = YES;
				CLANG_WARN_EMPTY_BODY = YES;
				CLANG_WARN_ENUM_CONVERSION = YES;
				CLANG_WARN_INFINITE_RECURSION = YES;
				CLANG_WARN_INT_CONVERSION = YES;
				CLANG_WARN_NON_LITERAL_NULL_CONVERSION = YES;
				CLANG_WARN_OBJC_IMPLICIT_RETAIN_SELF = YES;
				CLANG_WARN_OBJC_LITERAL_CONVERSION = YES;
				CLANG_WARN_OBJC_ROOT_CLASS = YES_ERROR;
				CLANG_WARN_RANGE_LOOP_ANALYSIS = YES;
				CLANG_WARN_STRICT_PROTOTYPES = YES;
				CLANG_WARN_SUSPICIOUS_MOVE = YES;
				CLANG_WARN_UNGUARDED_AVAILABILITY = YES_AGGRESSIVE;
				CLANG_WARN_UNREACHABLE_CODE = YES;
				CLANG_WARN__DUPLICATE_METHOD_MATCH = YES;
				COPY_PHASE_STRIP = NO;
				DEBUG_INFORMATION_FORMAT = dwarf;
				ENABLE_STRICT_OBJC_MSGSEND = YES;
				ENABLE_TESTABILITY = YES;
				GCC_C_LANGUAGE_STANDARD = gnu11;
				GCC_DYNAMIC_NO_PIC = NO;
				GCC_NO_COMMON_BLOCKS = YES;
				GCC_OPTIMIZATION_LEVEL = 0;
				GCC_PREPROCESSOR_DEFINITIONS = (
					"DEBUG=1",
					"$(inherited)",
				);
				GCC_WARN_64_TO_32_BIT_CONVERSION = YES;
				GCC_WARN_ABOUT_RETURN_TYPE = YES_ERROR;
				GCC_WARN_UNDECLARED_SELECTOR = YES;
				GCC_WARN_UNINITIALIZED_AUTOS = YES_AGGRESSIVE;
				GCC_WARN_UNUSED_FUNCTION = YES;
				GCC_WARN_UNUSED_VARIABLE = YES;
				IPHONEOS_DEPLOYMENT_TARGET = 13.2;
				MTL_ENABLE_DEBUG_INFO = INCLUDE_SOURCE;
				MTL_FAST_MATH = YES;
				ONLY_ACTIVE_ARCH = YES;
				SDKROOT = iphoneos;
				SWIFT_ACTIVE_COMPILATION_CONDITIONS = DEBUG;
				SWIFT_OPTIMIZATION_LEVEL = "-Onone";
			};
			name = Debug;
		};
		A038425F238BDAA900E9C92E /* Release */ = {
			isa = XCBuildConfiguration;
			buildSettings = {
				ALWAYS_SEARCH_USER_PATHS = NO;
				CLANG_ANALYZER_NONNULL = YES;
				CLANG_ANALYZER_NUMBER_OBJECT_CONVERSION = YES_AGGRESSIVE;
				CLANG_CXX_LANGUAGE_STANDARD = "gnu++14";
				CLANG_CXX_LIBRARY = "libc++";
				CLANG_ENABLE_MODULES = YES;
				CLANG_ENABLE_OBJC_ARC = YES;
				CLANG_ENABLE_OBJC_WEAK = YES;
				CLANG_WARN_BLOCK_CAPTURE_AUTORELEASING = YES;
				CLANG_WARN_BOOL_CONVERSION = YES;
				CLANG_WARN_COMMA = YES;
				CLANG_WARN_CONSTANT_CONVERSION = YES;
				CLANG_WARN_DEPRECATED_OBJC_IMPLEMENTATIONS = YES;
				CLANG_WARN_DIRECT_OBJC_ISA_USAGE = YES_ERROR;
				CLANG_WARN_DOCUMENTATION_COMMENTS = YES;
				CLANG_WARN_EMPTY_BODY = YES;
				CLANG_WARN_ENUM_CONVERSION = YES;
				CLANG_WARN_INFINITE_RECURSION = YES;
				CLANG_WARN_INT_CONVERSION = YES;
				CLANG_WARN_NON_LITERAL_NULL_CONVERSION = YES;
				CLANG_WARN_OBJC_IMPLICIT_RETAIN_SELF = YES;
				CLANG_WARN_OBJC_LITERAL_CONVERSION = YES;
				CLANG_WARN_OBJC_ROOT_CLASS = YES_ERROR;
				CLANG_WARN_RANGE_LOOP_ANALYSIS = YES;
				CLANG_WARN_STRICT_PROTOTYPES = YES;
				CLANG_WARN_SUSPICIOUS_MOVE = YES;
				CLANG_WARN_UNGUARDED_AVAILABILITY = YES_AGGRESSIVE;
				CLANG_WARN_UNREACHABLE_CODE = YES;
				CLANG_WARN__DUPLICATE_METHOD_MATCH = YES;
				COPY_PHASE_STRIP = NO;
				DEBUG_INFORMATION_FORMAT = "dwarf-with-dsym";
				ENABLE_NS_ASSERTIONS = NO;
				ENABLE_STRICT_OBJC_MSGSEND = YES;
				GCC_C_LANGUAGE_STANDARD = gnu11;
				GCC_NO_COMMON_BLOCKS = YES;
				GCC_WARN_64_TO_32_BIT_CONVERSION = YES;
				GCC_WARN_ABOUT_RETURN_TYPE = YES_ERROR;
				GCC_WARN_UNDECLARED_SELECTOR = YES;
				GCC_WARN_UNINITIALIZED_AUTOS = YES_AGGRESSIVE;
				GCC_WARN_UNUSED_FUNCTION = YES;
				GCC_WARN_UNUSED_VARIABLE = YES;
				IPHONEOS_DEPLOYMENT_TARGET = 13.2;
				MTL_ENABLE_DEBUG_INFO = NO;
				MTL_FAST_MATH = YES;
				SDKROOT = iphoneos;
				SWIFT_COMPILATION_MODE = wholemodule;
				SWIFT_OPTIMIZATION_LEVEL = "-O";
				VALIDATE_PRODUCT = YES;
			};
			name = Release;
		};
		A0384261238BDAA900E9C92E /* Debug */ = {
			isa = XCBuildConfiguration;
			buildSettings = {
				ASSETCATALOG_COMPILER_APPICON_NAME = AppIcon;
				CODE_SIGN_STYLE = Automatic;
				DEVELOPMENT_TEAM = 6CG326ELR9;
				INFOPLIST_FILE = OcadoProduct/Info.plist;
				IPHONEOS_DEPLOYMENT_TARGET = 11.0;
				LD_RUNPATH_SEARCH_PATHS = (
					"$(inherited)",
					"@executable_path/Frameworks",
				);
				PRODUCT_BUNDLE_IDENTIFIER = com.siriuscode.OcadoProduct;
				PRODUCT_NAME = "$(TARGET_NAME)";
				SWIFT_VERSION = 5.0;
				TARGETED_DEVICE_FAMILY = "1,2";
			};
			name = Debug;
		};
		A0384262238BDAA900E9C92E /* Release */ = {
			isa = XCBuildConfiguration;
			buildSettings = {
				ASSETCATALOG_COMPILER_APPICON_NAME = AppIcon;
				CODE_SIGN_STYLE = Automatic;
				DEVELOPMENT_TEAM = 6CG326ELR9;
				INFOPLIST_FILE = OcadoProduct/Info.plist;
				IPHONEOS_DEPLOYMENT_TARGET = 11.0;
				LD_RUNPATH_SEARCH_PATHS = (
					"$(inherited)",
					"@executable_path/Frameworks",
				);
				PRODUCT_BUNDLE_IDENTIFIER = com.siriuscode.OcadoProduct;
				PRODUCT_NAME = "$(TARGET_NAME)";
				SWIFT_VERSION = 5.0;
				TARGETED_DEVICE_FAMILY = "1,2";
			};
			name = Release;
		};
		A0384264238BDAA900E9C92E /* Debug */ = {
			isa = XCBuildConfiguration;
			buildSettings = {
				ALWAYS_EMBED_SWIFT_STANDARD_LIBRARIES = YES;
				BUNDLE_LOADER = "$(TEST_HOST)";
				CLANG_ENABLE_MODULES = YES;
				CODE_SIGN_STYLE = Automatic;
				DEVELOPMENT_TEAM = 6CG326ELR9;
				INFOPLIST_FILE = OcadoProductTests/Info.plist;
				IPHONEOS_DEPLOYMENT_TARGET = 11.0;
				LD_RUNPATH_SEARCH_PATHS = (
					"$(inherited)",
					"@executable_path/Frameworks",
					"@loader_path/Frameworks",
				);
				PRODUCT_BUNDLE_IDENTIFIER = com.siriuscode.OcadoProductTests;
				PRODUCT_NAME = "$(TARGET_NAME)";
				SWIFT_OPTIMIZATION_LEVEL = "-Onone";
				SWIFT_VERSION = 5.0;
				TARGETED_DEVICE_FAMILY = "1,2";
				TEST_HOST = "$(BUILT_PRODUCTS_DIR)/OcadoProduct.app/OcadoProduct";
			};
			name = Debug;
		};
		A0384265238BDAA900E9C92E /* Release */ = {
			isa = XCBuildConfiguration;
			buildSettings = {
				ALWAYS_EMBED_SWIFT_STANDARD_LIBRARIES = YES;
				BUNDLE_LOADER = "$(TEST_HOST)";
				CLANG_ENABLE_MODULES = YES;
				CODE_SIGN_STYLE = Automatic;
				DEVELOPMENT_TEAM = 6CG326ELR9;
				INFOPLIST_FILE = OcadoProductTests/Info.plist;
				IPHONEOS_DEPLOYMENT_TARGET = 11.0;
				LD_RUNPATH_SEARCH_PATHS = (
					"$(inherited)",
					"@executable_path/Frameworks",
					"@loader_path/Frameworks",
				);
				PRODUCT_BUNDLE_IDENTIFIER = com.siriuscode.OcadoProductTests;
				PRODUCT_NAME = "$(TARGET_NAME)";
				SWIFT_VERSION = 5.0;
				TARGETED_DEVICE_FAMILY = "1,2";
				TEST_HOST = "$(BUILT_PRODUCTS_DIR)/OcadoProduct.app/OcadoProduct";
			};
			name = Release;
		};
/* End XCBuildConfiguration section */

/* Begin XCConfigurationList section */
		A038423C238BDAA300E9C92E /* Build configuration list for PBXProject "OcadoProduct" */ = {
			isa = XCConfigurationList;
			buildConfigurations = (
				A038425E238BDAA900E9C92E /* Debug */,
				A038425F238BDAA900E9C92E /* Release */,
			);
			defaultConfigurationIsVisible = 0;
			defaultConfigurationName = Release;
		};
		A0384260238BDAA900E9C92E /* Build configuration list for PBXNativeTarget "OcadoProduct" */ = {
			isa = XCConfigurationList;
			buildConfigurations = (
				A0384261238BDAA900E9C92E /* Debug */,
				A0384262238BDAA900E9C92E /* Release */,
			);
			defaultConfigurationIsVisible = 0;
			defaultConfigurationName = Release;
		};
		A0384263238BDAA900E9C92E /* Build configuration list for PBXNativeTarget "OcadoProductTests" */ = {
			isa = XCConfigurationList;
			buildConfigurations = (
				A0384264238BDAA900E9C92E /* Debug */,
				A0384265238BDAA900E9C92E /* Release */,
			);
			defaultConfigurationIsVisible = 0;
			defaultConfigurationName = Release;
		};
/* End XCConfigurationList section */
	};
	rootObject = A0384239238BDAA300E9C92E /* Project object */;
}
